
Microsoft Visual Studio Solution File, Format Version 12.00
# Visual Studio Version 17
VisualStudioVersion = 17.9.34728.123
MinimumVisualStudioVersion = 10.0.40219.1
Project("{FAE04EC0-301F-11D3-BF4B-00C04F79EFBC}") = "HorseScale", "HorseScale\HorseScale.csproj", "{A18D87E7-6E8E-470B-8A76-7917745FE04C}"
EndProject
Global
	GlobalSection(SolutionConfigurationPlatforms) = preSolution
		Debug|Any CPU = Debug|Any CPU
		Release|Any CPU = Release|Any CPU
	EndGlobalSection
	GlobalSection(ProjectConfigurationPlatforms) = postSolution
		{A18D87E7-6E8E-470B-8A76-7917745FE04C}.Debug|Any CPU.ActiveCfg = Debug|Any CPU
		{A18D87E7-6E8E-470B-8A76-7917745FE04C}.Debug|Any CPU.Build.0 = Debug|Any CPU
		{A18D87E7-6E8E-470B-8A76-7917745FE04C}.Release|Any CPU.ActiveCfg = Release|Any CPU
		{A18D87E7-6E8E-470B-8A76-7917745FE04C}.Release|Any CPU.Build.0 = Release|Any CPU
	EndGlobalSection
	GlobalSection(SolutionProperties) = preSolution
		HideSolutionNode = FALSE
	EndGlobalSection
	GlobalSection(ExtensibilityGlobals) = postSolution
		SolutionGuid = {B1C291B8-A242-4831-8D00-7C3B48850E66}
	EndGlobalSection
EndGlobal
